{
  "name": "react-apply-darkmode",
  "version": "1.0.0",
  "lockfileVersion": 1,
  "requires": true,
  "dependencies": {
    "darkreader": {
      "version": "4.9.21",
      "resolved": "https://registry.npmjs.org/darkreader/-/darkreader-4.9.21.tgz",
      "integrity": "sha512-7j0T8EoWoUXY32HsRkX/JQeSZ4MovWUH95f916CkPkLUAsPFG/ZaZBQLYU6k11aIGym8TR1S+D+bMA1VMXTTlg=="
    }
  }
}
